
Microsoft Visual Studio Solution File, Format Version 12.00
# Visual Studio 14
VisualStudioVersion = 14.0.25420.1
MinimumVisualStudioVersion = 10.0.40219.1
Project("{FAE04EC0-301F-11D3-BF4B-00C04F79EFBC}") = "TestApp2017", "TestApp2017\TestApp2017.csproj", "{CDCF41AE-926E-47C3-A350-481AFC354CDB}"
EndProject
Global
	GlobalSection(SolutionConfigurationPlatforms) = preSolution
		Debug|Any CPU = Debug|Any CPU
		Release|Any CPU = Release|Any CPU
	EndGlobalSection
	GlobalSection(ProjectConfigurationPlatforms) = postSolution
		{CDCF41AE-926E-47C3-A350-481AFC354CDB}.Debug|Any CPU.ActiveCfg = Debug|Any CPU
		{CDCF41AE-926E-47C3-A350-481AFC354CDB}.Debug|Any CPU.Build.0 = Debug|Any CPU
		{CDCF41AE-926E-47C3-A350-481AFC354CDB}.Release|Any CPU.ActiveCfg = Release|Any CPU
		{CDCF41AE-926E-47C3-A350-481AFC354CDB}.Release|Any CPU.Build.0 = Release|Any CPU
	EndGlobalSection
	GlobalSection(SolutionProperties) = preSolution
		HideSolutionNode = FALSE
	EndGlobalSection
EndGlobal
